
Microsoft Visual Studio Solution File, Format Version 12.00
# Visual Studio Version 17
VisualStudioVersion = 17.11.35303.130
MinimumVisualStudioVersion = 10.0.40219.1
Project("{FAE04EC0-301F-11D3-BF4B-00C04F79EFBC}") = "RevitAPI_Course", "RevitAPI_Course.csproj", "{CD9B1F99-C0C2-41B5-8002-D7FF6C8D762D}"
EndProject
Global
	GlobalSection(SolutionConfigurationPlatforms) = preSolution
		Debug|Any CPU = Debug|Any CPU
		Debug|x64 = Debug|x64
		Release|Any CPU = Release|Any CPU
		Release|x64 = Release|x64
	EndGlobalSection
	GlobalSection(ProjectConfigurationPlatforms) = postSolution
		{CD9B1F99-C0C2-41B5-8002-D7FF6C8D762D}.Debug|Any CPU.ActiveCfg = Debug|Any CPU
		{CD9B1F99-C0C2-41B5-8002-D7FF6C8D762D}.Debug|Any CPU.Build.0 = Debug|Any CPU
		{CD9B1F99-C0C2-41B5-8002-D7FF6C8D762D}.Debug|x64.ActiveCfg = Debug|x64
		{CD9B1F99-C0C2-41B5-8002-D7FF6C8D762D}.Debug|x64.Build.0 = Debug|x64
		{CD9B1F99-C0C2-41B5-8002-D7FF6C8D762D}.Release|Any CPU.ActiveCfg = Release|Any CPU
		{CD9B1F99-C0C2-41B5-8002-D7FF6C8D762D}.Release|Any CPU.Build.0 = Release|Any CPU
		{CD9B1F99-C0C2-41B5-8002-D7FF6C8D762D}.Release|x64.ActiveCfg = Release|x64
		{CD9B1F99-C0C2-41B5-8002-D7FF6C8D762D}.Release|x64.Build.0 = Release|x64
	EndGlobalSection
	GlobalSection(SolutionProperties) = preSolution
		HideSolutionNode = FALSE
	EndGlobalSection
	GlobalSection(ExtensibilityGlobals) = postSolution
		SolutionGuid = {9238DC7B-D92E-4E38-9AEF-614E40C69BF8}
	EndGlobalSection
EndGlobal
